PODS:
  - Flutter (1.0.0)
  - Zendesk (3.15.0):
    - ZendeskSDKConversationKit (~> 13.2.0)
    - ZendeskSDKCoreUtilities (~> 7.2.0)
  - zendesk_flow_builder (0.0.1):
    - Flutter
    - ZendeskSDKMessaging
  - ZendeskSDKAnalyticsKit (0.2.0):
    - ZendeskSDKCoreUtilities (~> 7.2.0)
    - ZendeskSDKHTTPClient (~> 0.20.0)
    - ZendeskSDKLogger (~> 0.11.0)
    - ZendeskSDKStorage (~> 1.5.0)
  - ZendeskSDKConversationKit (13.2.0):
    - ZendeskSDKCoreUtilities (~> 7.2.0)
    - ZendeskSDKFayeClient (~> 1.16.0)
    - ZendeskSDKHTTPClient (~> 0.20.0)
    - ZendeskSDKStorage (~> 1.5.0)
  - ZendeskSDKCoreUtilities (7.2.0)
  - ZendeskSDKFayeClient (1.16.0):
    - ZendeskSDKLogger (~> 0.11.0)
    - ZendeskSDKSocketClient (~> 1.14.0)
  - ZendeskSDKGuideKit (2.8.0):
    - ZendeskSDKCoreUtilities (~> 7.2.0)
    - ZendeskSDKHTTPClient (~> 0.20.0)
    - ZendeskSDKLogger (~> 0.11.0)
    - ZendeskSDKStorage (~> 1.5.0)
  - ZendeskSDKHTTPClient (0.20.0):
    - ZendeskSDKLogger (~> 0.11.0)
  - ZendeskSDKLogger (0.11.0)
  - ZendeskSDKMessaging (2.37.0):
    - Zendesk (~> 3.15.0)
    - ZendeskSDKAnalyticsKit (~> 0.2.0)
    - ZendeskSDKConversationKit (~> 13.2.0)
    - ZendeskSDKCoreUtilities (~> 7.2.0)
    - ZendeskSDKGuideKit (~> 2.8.0)
    - ZendeskSDKUIComponents (~> 14.2.0)
  - ZendeskSDKSocketClient (1.14.0):
    - ZendeskSDKLogger (~> 0.11.0)
  - ZendeskSDKStorage (1.5.0):
    - ZendeskSDKLogger (~> 0.11.0)
  - ZendeskSDKUIComponents (14.2.0):
    - ZendeskSDKCoreUtilities (~> 7.2.0)

DEPENDENCIES:
  - Flutter (from `Flutter`)
  - zendesk_flow_builder (from `.symlinks/plugins/zendesk_flow_builder/ios`)

SPEC REPOS:
  trunk:
    - Zendesk
    - ZendeskSDKAnalyticsKit
    - ZendeskSDKConversationKit
    - ZendeskSDKCoreUtilities
    - ZendeskSDKFayeClient
    - ZendeskSDKGuideKit
    - ZendeskSDKHTTPClient
    - ZendeskSDKLogger
    - ZendeskSDKMessaging
    - ZendeskSDKSocketClient
    - ZendeskSDKStorage
    - ZendeskSDKUIComponents

EXTERNAL SOURCES:
  Flutter:
    :path: Flutter
  zendesk_flow_builder:
    :path: ".symlinks/plugins/zendesk_flow_builder/ios"

SPEC CHECKSUMS:
  Flutter: cabc95a1d2626b1b06e7179b784ebcf0c0cde467
  Zendesk: 301a5cd3b34f2bd78bad163ca665ab36855f07e7
  zendesk_flow_builder: 7ea73364b3603e7491706209d936c3b310424e64
  ZendeskSDKAnalyticsKit: ee0b403e80bf64e98f638504487ca88db64cbc57
  ZendeskSDKConversationKit: 305339a3389e4d53238da7b9604ba75a9f48599b
  ZendeskSDKCoreUtilities: be8ad25c945ae13ee8df4a34b361021d30f8589b
  ZendeskSDKFayeClient: 6dc6079f53973e59cf36b0709eab8f3f5e205ab8
  ZendeskSDKGuideKit: d222f208bc46bcb646b8a8ff4505309bb999c4f2
  ZendeskSDKHTTPClient: 1cfbcd7705614532ac6de747d00d038dc4f06625
  ZendeskSDKLogger: aff150c8ce1558dc2ba464dc42d420d14c9b1369
  ZendeskSDKMessaging: 646ffedff1074f4ad2254938d2083b772a912b61
  ZendeskSDKSocketClient: d5ebf448f6418acf0e3cd85cd5d255fc6ce7ddff
  ZendeskSDKStorage: 32bdd5cb0a530555425da0bb0bf1258a12429298
  ZendeskSDKUIComponents: 1dcd7d0e4410d97c5347f1b0938fdcb5dc7583c5

PODFILE CHECKSUM: b6c1777b8742f73e5cdad8789e3d9f4d8eaca881

COCOAPODS: 1.15.2
